
Microsoft Visual Studio Solution File, Format Version 12.00
# Visual Studio Version 17
VisualStudioVersion = 17.10.34707.107
MinimumVisualStudioVersion = 10.0.40219.1
Project("{FAE04EC0-301F-11D3-BF4B-00C04F79EFBC}") = "DotNet8.AdoDotNet.WebApi", "DotNet8.AdoDotNet.WebApi\DotNet8.AdoDotNet.WebApi.csproj", "{367F2663-D911-49AF-8842-8FCF56CD6453}"
EndProject
Global
	GlobalSection(SolutionConfigurationPlatforms) = preSolution
		Debug|Any CPU = Debug|Any CPU
		Release|Any CPU = Release|Any CPU
	EndGlobalSection
	GlobalSection(ProjectConfigurationPlatforms) = postSolution
		{367F2663-D911-49AF-8842-8FCF56CD6453}.Debug|Any CPU.ActiveCfg = Debug|Any CPU
		{367F2663-D911-49AF-8842-8FCF56CD6453}.Debug|Any CPU.Build.0 = Debug|Any CPU
		{367F2663-D911-49AF-8842-8FCF56CD6453}.Release|Any CPU.ActiveCfg = Release|Any CPU
		{367F2663-D911-49AF-8842-8FCF56CD6453}.Release|Any CPU.Build.0 = Release|Any CPU
	EndGlobalSection
	GlobalSection(SolutionProperties) = preSolution
		HideSolutionNode = FALSE
	EndGlobalSection
	GlobalSection(ExtensibilityGlobals) = postSolution
		SolutionGuid = {61733A15-CBA4-479A-BD61-69DC871415D6}
	EndGlobalSection
EndGlobal
